// !$*UTF8*$!
{
	archiveVersion = 1;
	classes = {
	};
	objectVersion = 46;
	objects = {

/* Begin PBXBuildFile section */
		03302694E91E3DE9BAD5202C /* Pods_KORKEE.framework in Frameworks */ = {isa = PBXBuildFile; fileRef = A5AEEABCAB8800BBAC6374C2 /* Pods_KORKEE.framework */; };
		3434EB1A1E3E98170051F21D /* AppDelegate.swift in Sources */ = {isa = PBXBuildFile; fileRef = 3434EB191E3E98170051F21D /* AppDelegate.swift */; };
		3434EB1C1E3E98170051F21D /* SingInVC.swift in Sources */ = {isa = PBXBuildFile; fileRef = 3434EB1B1E3E98170051F21D /* SingInVC.swift */; };
		3434EB1F1E3E98170051F21D /* Main.storyboard in Resources */ = {isa = PBXBuildFile; fileRef = 3434EB1D1E3E98170051F21D /* Main.storyboard */; };
		3434EB211E3E98170051F21D /* Assets.xcassets in Resources */ = {isa = PBXBuildFile; fileRef = 3434EB201E3E98170051F21D /* Assets.xcassets */; };
		3434EB241E3E98170051F21D /* LaunchScreen.storyboard in Resources */ = {isa = PBXBuildFile; fileRef = 3434EB221E3E98170051F21D /* LaunchScreen.storyboard */; };
		3434EB2C1E3E98250051F21D /* GoogleService-Info.plist in Resources */ = {isa = PBXBuildFile; fileRef = 3434EB2B1E3E98250051F21D /* GoogleService-Info.plist */; };
/* End PBXBuildFile section */

/* Begin PBXFileReference section */
		3434EB161E3E98170051F21D /* KORKEE.app */ = {isa = PBXFileReference; explicitFileType = wrapper.application; includeInIndex = 0; path = KORKEE.app; sourceTree = BUILT_PRODUCTS_DIR; };
		3434EB191E3E98170051F21D /* AppDelegate.swift */ = {isa = PBXFileReference; lastKnownFileType = sourcecode.swift; path = AppDelegate.swift; sourceTree = "<group>"; };
		3434EB1B1E3E98170051F21D /* SingInVC.swift */ = {isa = PBXFileReference; lastKnownFileType = sourcecode.swift; path = SingInVC.swift; sourceTree = "<group>"; };
		3434EB1E1E3E98170051F21D /* Base */ = {isa = PBXFileReference; lastKnownFileType = file.storyboard; name = Base; path = Base.lproj/Main.storyboard; sourceTree = "<group>"; };
		3434EB201E3E98170051F21D /* Assets.xcassets */ = {isa = PBXFileReference; lastKnownFileType = folder.assetcatalog; path = Assets.xcassets; sourceTree = "<group>"; };
		3434EB231E3E98170051F21D /* Base */ = {isa = PBXFileReference; lastKnownFileType = file.storyboard; name = Base; path = Base.lproj/LaunchScreen.storyboard; sourceTree = "<group>"; };
		3434EB251E3E98170051F21D /* Info.plist */ = {isa = PBXFileReference; lastKnownFileType = text.plist.xml; path = Info.plist; sourceTree = "<group>"; };
		3434EB2B1E3E98250051F21D /* GoogleService-Info.plist */ = {isa = PBXFileReference; fileEncoding = 4; lastKnownFileType = text.plist.xml; path = "GoogleService-Info.plist"; sourceTree = "<group>"; };
		756062FDF210E262CDAD1B6F /* Pods-KORKEE.debug.xcconfig */ = {isa = PBXFileReference; includeInIndex = 1; lastKnownFileType = text.xcconfig; name = "Pods-KORKEE.debug.xcconfig"; path = "Pods/Target Support Files/Pods-KORKEE/Pods-KORKEE.debug.xcconfig"; sourceTree = "<group>"; };
		A5AEEABCAB8800BBAC6374C2 /* Pods_KORKEE.framework */ = {isa = PBXFileReference; explicitFileType = wrapper.framework; includeInIndex = 0; path = Pods_KORKEE.framework; sourceTree = BUILT_PRODUCTS_DIR; };
		F0F5A5CCBABD4C400BD7584B /* Pods-KORKEE.release.xcconfig */ = {isa = PBXFileReference; includeInIndex = 1; lastKnownFileType = text.xcconfig; name = "Pods-KORKEE.release.xcconfig"; path = "Pods/Target Support Files/Pods-KORKEE/Pods-KORKEE.release.xcconfig"; sourceTree = "<group>"; };
/* End PBXFileReference section */

/* Begin PBXFrameworksBuildPhase section */
		3434EB131E3E98170051F21D /* Frameworks */ = {
			isa = PBXFrameworksBuildPhase;
			buildActionMask = 2147483647;
			files = (
				03302694E91E3DE9BAD5202C /* Pods_KORKEE.framework in Frameworks */,
			);
			runOnlyForDeploymentPostprocessing = 0;
		};
/* End PBXFrameworksBuildPhase section */

/* Begin PBXGroup section */
		3434EB0D1E3E98170051F21D = {
			isa = PBXGroup;
			children = (
				3434EB181E3E98170051F21D /* KORKEE */,
				3434EB171E3E98170051F21D /* Products */,
				764484F5B97D7F9B7CB625D0 /* Pods */,
				445409484B32DF760313D7DD /* Frameworks */,
			);
			sourceTree = "<group>";
		};
		3434EB171E3E98170051F21D /* Products */ = {
			isa = PBXGroup;
			children = (
				3434EB161E3E98170051F21D /* KORKEE.app */,
			);
			name = Products;
			sourceTree = "<group>";
		};
		3434EB181E3E98170051F21D /* KORKEE */ = {
			isa = PBXGroup;
			children = (
				3434EB2D1E3E9AD10051F21D /* Model */,
				3434EB2F1E3E9AEA0051F21D /* Controller */,
				3434EB2E1E3E9ADB0051F21D /* View */,
				3434EB191E3E98170051F21D /* AppDelegate.swift */,
				3434EB1D1E3E98170051F21D /* Main.storyboard */,
				3434EB201E3E98170051F21D /* Assets.xcassets */,
				3434EB221E3E98170051F21D /* LaunchScreen.storyboard */,
				3434EB251E3E98170051F21D /* Info.plist */,
				3434EB2B1E3E98250051F21D /* GoogleService-Info.plist */,
			);
			path = KORKEE;
			sourceTree = "<group>";
		};
		3434EB2D1E3E9AD10051F21D /* Model */ = {
			isa = PBXGroup;
			children = (
			);
			name = Model;
			sourceTree = "<group>";
		};
		3434EB2E1E3E9ADB0051F21D /* View */ = {
			isa = PBXGroup;
			children = (
			);
			name = View;
			sourceTree = "<group>";
		};
		3434EB2F1E3E9AEA0051F21D /* Controller */ = {
			isa = PBXGroup;
			children = (
				3434EB1B1E3E98170051F21D /* SingInVC.swift */,
			);
			name = Controller;
			sourceTree = "<group>";
		};
		445409484B32DF760313D7DD /* Frameworks */ = {
			isa = PBXGroup;
			children = (
				A5AEEABCAB8800BBAC6374C2 /* Pods_KORKEE.framework */,
			);
			name = Frameworks;
			sourceTree = "<group>";
		};
		764484F5B97D7F9B7CB625D0 /* Pods */ = {
			isa = PBXGroup;
			children = (
				756062FDF210E262CDAD1B6F /* Pods-KORKEE.debug.xcconfig */,
				F0F5A5CCBABD4C400BD7584B /* Pods-KORKEE.release.xcconfig */,
			);
			name = Pods;
			sourceTree = "<group>";
		};
/* End PBXGroup section */

/* Begin PBXNativeTarget section */
		3434EB151E3E98170051F21D /* KORKEE */ = {
			isa = PBXNativeTarget;
			buildConfigurationList = 3434EB281E3E98170051F21D /* Build configuration list for PBXNativeTarget "KORKEE" */;
			buildPhases = (
				450FD830033ACD95AB4CE831 /* [CP] Check Pods Manifest.lock */,
				3434EB121E3E98170051F21D /* Sources */,
				3434EB131E3E98170051F21D /* Frameworks */,
				3434EB141E3E98170051F21D /* Resources */,
				19B0874B5970F9525DF9193A /* [CP] Embed Pods Frameworks */,
				16EC1F81966ECB137D95C5CA /* [CP] Copy Pods Resources */,
			);
			buildRules = (
			);
			dependencies = (
			);
			name = KORKEE;
			productName = KORKEE;
			productReference = 3434EB161E3E98170051F21D /* KORKEE.app */;
			productType = "com.apple.product-type.application";
		};
/* End PBXNativeTarget section */

/* Begin PBXProject section */
		3434EB0E1E3E98170051F21D /* Project object */ = {
			isa = PBXProject;
			attributes = {
				LastSwiftUpdateCheck = 0810;
				LastUpgradeCheck = 0810;
				ORGANIZATIONNAME = "Ahmadreza Shafiee";
				TargetAttributes = {
					3434EB151E3E98170051F21D = {
						CreatedOnToolsVersion = 8.1;
						ProvisioningStyle = Automatic;
					};
				};
			};
			buildConfigurationList = 3434EB111E3E98170051F21D /* Build configuration list for PBXProject "KORKEE" */;
			compatibilityVersion = "Xcode 3.2";
			developmentRegion = English;
			hasScannedForEncodings = 0;
			knownRegions = (
				en,
				Base,
			);
			mainGroup = 3434EB0D1E3E98170051F21D;
			productRefGroup = 3434EB171E3E98170051F21D /* Products */;
			projectDirPath = "";
			projectRoot = "";
			targets = (
				3434EB151E3E98170051F21D /* KORKEE */,
			);
		};
/* End PBXProject section */

/* Begin PBXResourcesBuildPhase section */
		3434EB141E3E98170051F21D /* Resources */ = {
			isa = PBXResourcesBuildPhase;
			buildActionMask = 2147483647;
			files = (
				3434EB241E3E98170051F21D /* LaunchScreen.storyboard in Resources */,
				3434EB211E3E98170051F21D /* Assets.xcassets in Resources */,
				3434EB1F1E3E98170051F21D /* Main.storyboard in Resources */,
				3434EB2C1E3E98250051F21D /* GoogleService-Info.plist in Resources */,
			);
			runOnlyForDeploymentPostprocessing = 0;
		};
/* End PBXResourcesBuildPhase section */

/* Begin PBXShellScriptBuildPhase section */
		16EC1F81966ECB137D95C5CA /* [CP] Copy Pods Resources */ = {
			isa = PBXShellScriptBuildPhase;
			buildActionMask = 2147483647;
			files = (
			);
			inputPaths = (
			);
			name = "[CP] Copy Pods Resources";
			outputPaths = (
			);
			runOnlyForDeploymentPostprocessing = 0;
			shellPath = /bin/sh;
			shellScript = "\"${SRCROOT}/Pods/Target Support Files/Pods-KORKEE/Pods-KORKEE-resources.sh\"\n";
			showEnvVarsInLog = 0;
		};
		19B0874B5970F9525DF9193A /* [CP] Embed Pods Frameworks */ = {
			isa = PBXShellScriptBuildPhase;
			buildActionMask = 2147483647;
			files = (
			);
			inputPaths = (
			);
			name = "[CP] Embed Pods Frameworks";
			outputPaths = (
			);
			runOnlyForDeploymentPostprocessing = 0;
			shellPath = /bin/sh;
			shellScript = "\"${SRCROOT}/Pods/Target Support Files/Pods-KORKEE/Pods-KORKEE-frameworks.sh\"\n";
			showEnvVarsInLog = 0;
		};
		450FD830033ACD95AB4CE831 /* [CP] Check Pods Manifest.lock */ = {
			isa = PBXShellScriptBuildPhase;
			buildActionMask = 2147483647;
			files = (
			);
			inputPaths = (
			);
			name = "[CP] Check Pods Manifest.lock";
			outputPaths = (
			);
			runOnlyForDeploymentPostprocessing = 0;
			shellPath = /bin/sh;
			shellScript = "diff \"${PODS_ROOT}/../Podfile.lock\" \"${PODS_ROOT}/Manifest.lock\" > /dev/null\nif [ $? != 0 ] ; then\n    # print error to STDERR\n    echo \"error: The sandbox is not in sync with the Podfile.lock. Run 'pod install' or update your CocoaPods installation.\" >&2\n    exit 1\nfi\n";
			showEnvVarsInLog = 0;
		};
/* End PBXShellScriptBuildPhase section */

/* Begin PBXSourcesBuildPhase section */
		3434EB121E3E98170051F21D /* Sources */ = {
			isa = PBXSourcesBuildPhase;
			buildActionMask = 2147483647;
			files = (
				3434EB1C1E3E98170051F21D /* SingInVC.swift in Sources */,
				3434EB1A1E3E98170051F21D /* AppDelegate.swift in Sources */,
			);
			runOnlyForDeploymentPostprocessing = 0;
		};
/* End PBXSourcesBuildPhase section */

/* Begin PBXVariantGroup section */
		3434EB1D1E3E98170051F21D /* Main.storyboard */ = {
			isa = PBXVariantGroup;
			children = (
				3434EB1E1E3E98170051F21D /* Base */,
			);
			name = Main.storyboard;
			sourceTree = "<group>";
		};
		3434EB221E3E98170051F21D /* LaunchScreen.storyboard */ = {
			isa = PBXVariantGroup;
			children = (
				3434EB231E3E98170051F21D /* Base */,
			);
			name = LaunchScreen.storyboard;
			sourceTree = "<group>";
		};
/* End PBXVariantGroup section */

/* Begin XCBuildConfiguration section */
		3434EB261E3E98170051F21D /* Debug */ = {
			isa = XCBuildConfiguration;
			buildSettings = {
				ALWAYS_SEARCH_USER_PATHS = NO;
				CLANG_ANALYZER_NONNULL = YES;
				CLANG_CXX_LANGUAGE_STANDARD = "gnu++0x";
				CLANG_CXX_LIBRARY = "libc++";
				CLANG_ENABLE_MODULES = YES;
				CLANG_ENABLE_OBJC_ARC = YES;
				CLANG_WARN_BOOL_CONVERSION = YES;
				CLANG_WARN_CONSTANT_CONVERSION = YES;
				CLANG_WARN_DIRECT_OBJC_ISA_USAGE = YES_ERROR;
				CLANG_WARN_DOCUMENTATION_COMMENTS = YES;
				CLANG_WARN_EMPTY_BODY = YES;
				CLANG_WARN_ENUM_CONVERSION = YES;
				CLANG_WARN_INFINITE_RECURSION = YES;
				CLANG_WARN_INT_CONVERSION = YES;
				CLANG_WARN_OBJC_ROOT_CLASS = YES_ERROR;
				CLANG_WARN_SUSPICIOUS_MOVES = YES;
				CLANG_WARN_UNREACHABLE_CODE = YES;
				CLANG_WARN__DUPLICATE_METHOD_MATCH = YES;
				"CODE_SIGN_IDENTITY[sdk=iphoneos*]" = "iPhone Developer";
				COPY_PHASE_STRIP = NO;
				DEBUG_INFORMATION_FORMAT = dwarf;
				ENABLE_STRICT_OBJC_MSGSEND = YES;
				ENABLE_TESTABILITY = YES;
				GCC_C_LANGUAGE_STANDARD = gnu99;
				GCC_DYNAMIC_NO_PIC = NO;
				GCC_NO_COMMON_BLOCKS = YES;
				GCC_OPTIMIZATION_LEVEL = 0;
				GCC_PREPROCESSOR_DEFINITIONS = (
					"DEBUG=1",
					"$(inherited)",
				);
				GCC_WARN_64_TO_32_BIT_CONVERSION = YES;
				GCC_WARN_ABOUT_RETURN_TYPE = YES_ERROR;
				GCC_WARN_UNDECLARED_SELECTOR = YES;
				GCC_WARN_UNINITIALIZED_AUTOS = YES_AGGRESSIVE;
				GCC_WARN_UNUSED_FUNCTION = YES;
				GCC_WARN_UNUSED_VARIABLE = YES;
				IPHONEOS_DEPLOYMENT_TARGET = 10.1;
				MTL_ENABLE_DEBUG_INFO = YES;
				ONLY_ACTIVE_ARCH = YES;
				SDKROOT = iphoneos;
				SWIFT_ACTIVE_COMPILATION_CONDITIONS = DEBUG;
				SWIFT_OPTIMIZATION_LEVEL = "-Onone";
				TARGETED_DEVICE_FAMILY = "1,2";
			};
			name = Debug;
		};
		3434EB271E3E98170051F21D /* Release */ = {
			isa = XCBuildConfiguration;
			buildSettings = {
				ALWAYS_SEARCH_USER_PATHS = NO;
				CLANG_ANALYZER_NONNULL = YES;
				CLANG_CXX_LANGUAGE_STANDARD = "gnu++0x";
				CLANG_CXX_LIBRARY = "libc++";
				CLANG_ENABLE_MODULES = YES;
				CLANG_ENABLE_OBJC_ARC = YES;
				CLANG_WARN_BOOL_CONVERSION = YES;
				CLANG_WARN_CONSTANT_CONVERSION = YES;
				CLANG_WARN_DIRECT_OBJC_ISA_USAGE = YES_ERROR;
				CLANG_WARN_DOCUMENTATION_COMMENTS = YES;
				CLANG_WARN_EMPTY_BODY = YES;
				CLANG_WARN_ENUM_CONVERSION = YES;
				CLANG_WARN_INFINITE_RECURSION = YES;
				CLANG_WARN_INT_CONVERSION = YES;
				CLANG_WARN_OBJC_ROOT_CLASS = YES_ERROR;
				CLANG_WARN_SUSPICIOUS_MOVES = YES;
				CLANG_WARN_UNREACHABLE_CODE = YES;
				CLANG_WARN__DUPLICATE_METHOD_MATCH = YES;
				"CODE_SIGN_IDENTITY[sdk=iphoneos*]" = "iPhone Developer";
				COPY_PHASE_STRIP = NO;
				DEBUG_INFORMATION_FORMAT = "dwarf-with-dsym";
				ENABLE_NS_ASSERTIONS = NO;
				ENABLE_STRICT_OBJC_MSGSEND = YES;
				GCC_C_LANGUAGE_STANDARD = gnu99;
				GCC_NO_COMMON_BLOCKS = YES;
				GCC_WARN_64_TO_32_BIT_CONVERSION = YES;
				GCC_WARN_ABOUT_RETURN_TYPE = YES_ERROR;
				GCC_WARN_UNDECLARED_SELECTOR = YES;
				GCC_WARN_UNINITIALIZED_AUTOS = YES_AGGRESSIVE;
				GCC_WARN_UNUSED_FUNCTION = YES;
				GCC_WARN_UNUSED_VARIABLE = YES;
				IPHONEOS_DEPLOYMENT_TARGET = 10.1;
				MTL_ENABLE_DEBUG_INFO = NO;
				SDKROOT = iphoneos;
				SWIFT_OPTIMIZATION_LEVEL = "-Owholemodule";
				TARGETED_DEVICE_FAMILY = "1,2";
				VALIDATE_PRODUCT = YES;
			};
			name = Release;
		};
		3434EB291E3E98170051F21D /* Debug */ = {
			isa = XCBuildConfiguration;
			baseConfigurationReference = 756062FDF210E262CDAD1B6F /* Pods-KORKEE.debug.xcconfig */;
			buildSettings = {
				ASSETCATALOG_COMPILER_APPICON_NAME = AppIcon;
				INFOPLIST_FILE = KORKEE/Info.plist;
				LD_RUNPATH_SEARCH_PATHS = "$(inherited) @executable_path/Frameworks";
				PRODUCT_BUNDLE_IDENTIFIER = AR.SH.KORKEE;
				PRODUCT_NAME = "$(TARGET_NAME)";
				SWIFT_VERSION = 3.0;
			};
			name = Debug;
		};
		3434EB2A1E3E98170051F21D /* Release */ = {
			isa = XCBuildConfiguration;
			baseConfigurationReference = F0F5A5CCBABD4C400BD7584B /* Pods-KORKEE.release.xcconfig */;
			buildSettings = {
				ASSETCATALOG_COMPILER_APPICON_NAME = AppIcon;
				INFOPLIST_FILE = KORKEE/Info.plist;
				LD_RUNPATH_SEARCH_PATHS = "$(inherited) @executable_path/Frameworks";
				PRODUCT_BUNDLE_IDENTIFIER = AR.SH.KORKEE;
				PRODUCT_NAME = "$(TARGET_NAME)";
				SWIFT_VERSION = 3.0;
			};
			name = Release;
		};
/* End XCBuildConfiguration section */

/* Begin XCConfigurationList section */
		3434EB111E3E98170051F21D /* Build configuration list for PBXProject "KORKEE" */ = {
			isa = XCConfigurationList;
			buildConfigurations = (
				3434EB261E3E98170051F21D /* Debug */,
				3434EB271E3E98170051F21D /* Release */,
			);
			defaultConfigurationIsVisible = 0;
			defaultConfigurationName = Release;
		};
		3434EB281E3E98170051F21D /* Build configuration list for PBXNativeTarget "KORKEE" */ = {
			isa = XCConfigurationList;
			buildConfigurations = (
				3434EB291E3E98170051F21D /* Debug */,
				3434EB2A1E3E98170051F21D /* Release */,
			);
			defaultConfigurationIsVisible = 0;
			defaultConfigurationName = Release;
		};
/* End XCConfigurationList section */
	};
	rootObject = 3434EB0E1E3E98170051F21D /* Project object */;
}
